
Microsoft Visual Studio Solution File, Format Version 11.00
# Visual Studio 2010
Project("{FAE04EC0-301F-11D3-BF4B-00C04F79EFBC}") = "PBingo", "PBingo\PBingo.csproj", "{7127BE9A-18E8-4CB9-BFD7-37490474E955}"
EndProject
Global
	GlobalSection(SolutionConfigurationPlatforms) = preSolution
		Debug|x86 = Debug|x86
		Release|x86 = Release|x86
	EndGlobalSection
	GlobalSection(ProjectConfigurationPlatforms) = postSolution
		{7127BE9A-18E8-4CB9-BFD7-37490474E955}.Debug|x86.ActiveCfg = Debug|x86
		{7127BE9A-18E8-4CB9-BFD7-37490474E955}.Debug|x86.Build.0 = Debug|x86
		{7127BE9A-18E8-4CB9-BFD7-37490474E955}.Release|x86.ActiveCfg = Release|x86
		{7127BE9A-18E8-4CB9-BFD7-37490474E955}.Release|x86.Build.0 = Release|x86
	EndGlobalSection
	GlobalSection(MonoDevelopProperties) = preSolution
		StartupItem = PBingo\PBingo.csproj
	EndGlobalSection
EndGlobal
